{
  "requires": true,
  "lockfileVersion": 1,
  "dependencies": {
    "@types/node": {
      "version": "10.9.4",
      "resolved": "https://registry.npmjs.org/@types/node/-/node-10.9.4.tgz",
      "integrity": "sha512-fCHV45gS+m3hH17zgkgADUSi2RR1Vht6wOZ0jyHP8rjiQra9f+mIcgwPQHllmDocYOstIEbKlxbFDYlgrTPYqw==",
      "dev": true
    },
    "@types/onoff": {
      "version": "0.0.28",
      "resolved": "https://registry.npmjs.org/@types/onoff/-/onoff-0.0.28.tgz",
      "integrity": "sha512-VG08hXVr0u+LaJht4kWcP5Akj3YvZ2Kp0wIxyXCQRbTTPitJADmEY4bSaFk0lhCk9PljJtpw9fMFNRJhpcWT3Q==",
      "dev": true,
      "requires": {
        "@types/node": "*"
      }
    }
  }
}
